<?xml version="1.0" encoding="utf-8"?>
<Project ToolsVersion="4.0" xmlns="http://schemas.microsoft.com/developer/msbuild/2003">
  <ItemGroup>
    <Filter Include="Source Files">
      <UniqueIdentifier>{4FC737F1-C7A5-4376-A066-2A32D752A2FF}</UniqueIdentifier>
      <Extensions>cpp;c;cc;cxx;def;odl;idl;hpj;bat;asm;asmx</Extensions>
    </Filter>
    <Filter Include="Header Files">
      <UniqueIdentifier>{93995380-89BD-4b04-88EB-625FBE52EBFB}</UniqueIdentifier>
      <Extensions>h;hpp;hxx;hm;inl;inc;xsd</Extensions>
    </Filter>
    <Filter Include="Resource Files">
      <UniqueIdentifier>{67DA6AB6-F800-4c08-8B7A-83BB121AAD01}</UniqueIdentifier>
      <Extensions>rc;ico;cur;bmp;dlg;rc2;rct;bin;rgs;gif;jpg;jpeg;jpe;resx;tiff;tif;png;wav</Extensions>
    </Filter>
    <Filter Include="exe">
      <UniqueIdentifier>{d8f98173-ebd6-46be-a0bc-83fd65157d54}</UniqueIdentifier>
    </Filter>
  </ItemGroup>
  <ItemGroup>
    <ClCompile Include="src\CCNF_patch.cpp">
      <Filter>Source Files</Filter>
    </ClCompile>
    <ClCompile Include="src\CLM.cpp">
      <Filter>Source Files</Filter>
    </ClCompile>
    <ClCompile Include="src\IO.cpp">
      <Filter>Source Files</Filter>
    </ClCompile>
    <ClCompile Include="src\Patch_expert.cpp">
      <Filter>Source Files</Filter>
    </ClCompile>
    <ClCompile Include="src\PAW.cpp">
      <Filter>Source Files</Filter>
    </ClCompile>
    <ClCompile Include="src\PDM.cpp">
      <Filter>Source Files</Filter>
    </ClCompile>
    <ClCompile Include="src\TrackerCLM.cpp">
      <Filter>Source Files</Filter>
    </ClCompile>
    <ClCompile Include="src\Det_valid.cpp">
      <Filter>Source Files</Filter>
    </ClCompile>
  </ItemGroup>
  <ItemGroup>
    <ClInclude Include="include\CLM.h">
      <Filter>Header Files</Filter>
    </ClInclude>
    <ClInclude Include="include\IO.h">
      <Filter>Header Files</Filter>
    </ClInclude>
    <ClInclude Include="include\PAW.h">
      <Filter>Header Files</Filter>
    </ClInclude>
    <ClInclude Include="include\PDM.h">
      <Filter>Header Files</Filter>
    </ClInclude>
    <ClInclude Include="include\TrackerCLM.h">
      <Filter>Header Files</Filter>
    </ClInclude>
    <ClInclude Include="include\CCNF_patch.h">
      <Filter>Header Files</Filter>
    </ClInclude>
    <ClInclude Include="include\Patch_expert.h">
      <Filter>Header Files</Filter>
    </ClInclude>
    <ClInclude Include="include\Det_valid.h">
      <Filter>Header Files</Filter>
    </ClInclude>
  </ItemGroup>
</Project>