<?xml version="1.0" encoding="utf-8"?>
<Project ToolsVersion="4.0" xmlns="http://schemas.microsoft.com/developer/msbuild/2003">
  <ItemGroup>
    <Filter Include="Header Files">
      <UniqueIdentifier>{9d5a44ab-0895-452f-b677-e5f98d9c583d}</UniqueIdentifier>
    </Filter>
    <Filter Include="Source Files">
      <UniqueIdentifier>{4ee28258-8486-49a0-9dda-bd6dd8d429b9}</UniqueIdentifier>
    </Filter>
  </ItemGroup>
  <ItemGroup>
    <ClInclude Include="SimplePuppets.h">
      <Filter>Header Files</Filter>
    </ClInclude>
    <ClInclude Include="AgeEstModel.h">
      <Filter>Header Files</Filter>
    </ClInclude>
    <ClInclude Include="AgeingModel.h">
      <Filter>Header Files</Filter>
    </ClInclude>
    <ClInclude Include="AgeSynthModel.h">
      <Filter>Header Files</Filter>
    </ClInclude>
    <ClInclude Include="AppModel.h">
      <Filter>Header Files</Filter>
    </ClInclude>
    <ClInclude Include="FieldNames.h">
      <Filter>Header Files</Filter>
    </ClInclude>
    <ClInclude Include="Mat.h">
      <Filter>Header Files</Filter>
    </ClInclude>
    <ClInclude Include="Model.h">
      <Filter>Header Files</Filter>
    </ClInclude>
    <ClInclude Include="TransModel.h">
      <Filter>Header Files</Filter>
    </ClInclude>
  </ItemGroup>
  <ItemGroup>
    <ClCompile Include="SimplePuppets.cpp">
      <Filter>Source Files</Filter>
    </ClCompile>
    <ClCompile Include="AgeEstModel.cpp">
      <Filter>Source Files</Filter>
    </ClCompile>
    <ClCompile Include="AppModel.cpp">
      <Filter>Source Files</Filter>
    </ClCompile>
    <ClCompile Include="AgeingModel.cpp">
      <Filter>Source Files</Filter>
    </ClCompile>
    <ClCompile Include="AgeSynthModel.cpp">
      <Filter>Source Files</Filter>
    </ClCompile>
    <ClCompile Include="FieldNames.cpp">
      <Filter>Source Files</Filter>
    </ClCompile>
    <ClCompile Include="TransModel.cpp">
      <Filter>Source Files</Filter>
    </ClCompile>
    <ClCompile Include="Model.cpp">
      <Filter>Source Files</Filter>
    </ClCompile>
    <ClCompile Include="Mat.cpp">
      <Filter>Source Files</Filter>
    </ClCompile>
  </ItemGroup>
</Project>